
Microsoft Visual Studio Solution File, Format Version 12.00
# Visual Studio Version 17
VisualStudioVersion = 17.1.32421.90
MinimumVisualStudioVersion = 10.0.40219.1
Project("{FAE04EC0-301F-11D3-BF4B-00C04F79EFBC}") = "Task9", "Task9\Task9.csproj", "{5629083F-7953-4344-9468-67151E28A147}"
EndProject
Global
	GlobalSection(SolutionConfigurationPlatforms) = preSolution
		Debug|Any CPU = Debug|Any CPU
		Release|Any CPU = Release|Any CPU
	EndGlobalSection
	GlobalSection(ProjectConfigurationPlatforms) = postSolution
		{5629083F-7953-4344-9468-67151E28A147}.Debug|Any CPU.ActiveCfg = Debug|Any CPU
		{5629083F-7953-4344-9468-67151E28A147}.Debug|Any CPU.Build.0 = Debug|Any CPU
		{5629083F-7953-4344-9468-67151E28A147}.Release|Any CPU.ActiveCfg = Release|Any CPU
		{5629083F-7953-4344-9468-67151E28A147}.Release|Any CPU.Build.0 = Release|Any CPU
	EndGlobalSection
	GlobalSection(SolutionProperties) = preSolution
		HideSolutionNode = FALSE
	EndGlobalSection
	GlobalSection(ExtensibilityGlobals) = postSolution
		SolutionGuid = {C81AEE3E-9756-4231-A033-3AB37F21DC4F}
	EndGlobalSection
EndGlobal
