
Microsoft Visual Studio Solution File, Format Version 12.00
# Visual Studio Version 17
VisualStudioVersion = 17.1.32319.34
MinimumVisualStudioVersion = 10.0.40219.1
Project("{FAE04EC0-301F-11D3-BF4B-00C04F79EFBC}") = "Task3", "Task3\Task3.csproj", "{1827EC9C-FE1A-4F5D-8B09-368CD902C1D2}"
EndProject
Global
	GlobalSection(SolutionConfigurationPlatforms) = preSolution
		Debug|Any CPU = Debug|Any CPU
		Release|Any CPU = Release|Any CPU
	EndGlobalSection
	GlobalSection(ProjectConfigurationPlatforms) = postSolution
		{1827EC9C-FE1A-4F5D-8B09-368CD902C1D2}.Debug|Any CPU.ActiveCfg = Debug|Any CPU
		{1827EC9C-FE1A-4F5D-8B09-368CD902C1D2}.Debug|Any CPU.Build.0 = Debug|Any CPU
		{1827EC9C-FE1A-4F5D-8B09-368CD902C1D2}.Release|Any CPU.ActiveCfg = Release|Any CPU
		{1827EC9C-FE1A-4F5D-8B09-368CD902C1D2}.Release|Any CPU.Build.0 = Release|Any CPU
	EndGlobalSection
	GlobalSection(SolutionProperties) = preSolution
		HideSolutionNode = FALSE
	EndGlobalSection
	GlobalSection(ExtensibilityGlobals) = postSolution
		SolutionGuid = {E4454769-A324-4E8F-A4C2-FD1FA6536CB5}
	EndGlobalSection
EndGlobal
