
Microsoft Visual Studio Solution File, Format Version 12.00
# Visual Studio Version 17
VisualStudioVersion = 17.1.32319.34
MinimumVisualStudioVersion = 10.0.40219.1
Project("{FAE04EC0-301F-11D3-BF4B-00C04F79EFBC}") = "Task1", "Task1\Task1.csproj", "{61ECEA66-8A12-428E-AF66-4CFDD66B9EE7}"
EndProject
Global
	GlobalSection(SolutionConfigurationPlatforms) = preSolution
		Debug|Any CPU = Debug|Any CPU
		Release|Any CPU = Release|Any CPU
	EndGlobalSection
	GlobalSection(ProjectConfigurationPlatforms) = postSolution
		{61ECEA66-8A12-428E-AF66-4CFDD66B9EE7}.Debug|Any CPU.ActiveCfg = Debug|Any CPU
		{61ECEA66-8A12-428E-AF66-4CFDD66B9EE7}.Debug|Any CPU.Build.0 = Debug|Any CPU
		{61ECEA66-8A12-428E-AF66-4CFDD66B9EE7}.Release|Any CPU.ActiveCfg = Release|Any CPU
		{61ECEA66-8A12-428E-AF66-4CFDD66B9EE7}.Release|Any CPU.Build.0 = Release|Any CPU
	EndGlobalSection
	GlobalSection(SolutionProperties) = preSolution
		HideSolutionNode = FALSE
	EndGlobalSection
	GlobalSection(ExtensibilityGlobals) = postSolution
		SolutionGuid = {69E172AA-0EFF-4A92-BAB9-68B22969EC4E}
	EndGlobalSection
EndGlobal
