
Microsoft Visual Studio Solution File, Format Version 12.00
# Visual Studio Version 17
VisualStudioVersion = 17.1.32421.90
MinimumVisualStudioVersion = 10.0.40219.1
Project("{FAE04EC0-301F-11D3-BF4B-00C04F79EFBC}") = "Task6", "Task6\Task6.csproj", "{06EF2805-3C31-45CD-BD27-A510DE0BEFEA}"
EndProject
Global
	GlobalSection(SolutionConfigurationPlatforms) = preSolution
		Debug|Any CPU = Debug|Any CPU
		Release|Any CPU = Release|Any CPU
	EndGlobalSection
	GlobalSection(ProjectConfigurationPlatforms) = postSolution
		{06EF2805-3C31-45CD-BD27-A510DE0BEFEA}.Debug|Any CPU.ActiveCfg = Debug|Any CPU
		{06EF2805-3C31-45CD-BD27-A510DE0BEFEA}.Debug|Any CPU.Build.0 = Debug|Any CPU
		{06EF2805-3C31-45CD-BD27-A510DE0BEFEA}.Release|Any CPU.ActiveCfg = Release|Any CPU
		{06EF2805-3C31-45CD-BD27-A510DE0BEFEA}.Release|Any CPU.Build.0 = Release|Any CPU
	EndGlobalSection
	GlobalSection(SolutionProperties) = preSolution
		HideSolutionNode = FALSE
	EndGlobalSection
	GlobalSection(ExtensibilityGlobals) = postSolution
		SolutionGuid = {376DB2F8-F78A-4851-BE90-0F1032934924}
	EndGlobalSection
EndGlobal
